
Microsoft Visual Studio Solution File, Format Version 12.00
Project("{FAE04EC0-301F-11D3-BF4B-00C04F79EFBC}") = "AngularPro", "AngularPro\AngularPro.csproj", "{B76DB1CF-5E4B-432D-A5E8-0F7A0035A074}"
EndProject
Global
	GlobalSection(SolutionConfigurationPlatforms) = preSolution
		Debug|Any CPU = Debug|Any CPU
		Release|Any CPU = Release|Any CPU
	EndGlobalSection
	GlobalSection(ProjectConfigurationPlatforms) = postSolution
		{B76DB1CF-5E4B-432D-A5E8-0F7A0035A074}.Debug|Any CPU.ActiveCfg = Debug|Any CPU
		{B76DB1CF-5E4B-432D-A5E8-0F7A0035A074}.Debug|Any CPU.Build.0 = Debug|Any CPU
		{B76DB1CF-5E4B-432D-A5E8-0F7A0035A074}.Release|Any CPU.ActiveCfg = Release|Any CPU
		{B76DB1CF-5E4B-432D-A5E8-0F7A0035A074}.Release|Any CPU.Build.0 = Release|Any CPU
	EndGlobalSection
EndGlobal
